
Microsoft Visual Studio Solution File, Format Version 12.00
# Visual Studio 15
VisualStudioVersion = 15.0.26730.16
MinimumVisualStudioVersion = 10.0.40219.1
Project("{FAE04EC0-301F-11D3-BF4B-00C04F79EFBC}") = "ToDoList", "ToDoList\ToDoList.csproj", "{30D2C80E-D6C7-4BCE-A83C-C710D9740242}"
EndProject
Global
	GlobalSection(SolutionConfigurationPlatforms) = preSolution
		Debug|Any CPU = Debug|Any CPU
		Release|Any CPU = Release|Any CPU
	EndGlobalSection
	GlobalSection(ProjectConfigurationPlatforms) = postSolution
		{30D2C80E-D6C7-4BCE-A83C-C710D9740242}.Debug|Any CPU.ActiveCfg = Debug|Any CPU
		{30D2C80E-D6C7-4BCE-A83C-C710D9740242}.Debug|Any CPU.Build.0 = Debug|Any CPU
		{30D2C80E-D6C7-4BCE-A83C-C710D9740242}.Release|Any CPU.ActiveCfg = Release|Any CPU
		{30D2C80E-D6C7-4BCE-A83C-C710D9740242}.Release|Any CPU.Build.0 = Release|Any CPU
	EndGlobalSection
	GlobalSection(SolutionProperties) = preSolution
		HideSolutionNode = FALSE
	EndGlobalSection
	GlobalSection(ExtensibilityGlobals) = postSolution
		SolutionGuid = {887841E7-ECA2-4DD4-BB31-7EBABD6EF299}
	EndGlobalSection
EndGlobal
